// !$*UTF8*$!
{
	archiveVersion = 1;
	classes = {
	};
	objectVersion = 55;
	objects = {

/* Begin PBXBuildFile section */
		063AFB3629EB334E003C6550 /* ExtractSubViewsPractice.swift in Sources */ = {isa = PBXBuildFile; fileRef = 063AFB3529EB334E003C6550 /* ExtractSubViewsPractice.swift */; };
		063AFB3829EB5BE9003C6550 /* BindingPractice.swift in Sources */ = {isa = PBXBuildFile; fileRef = 063AFB3729EB5BE9003C6550 /* BindingPractice.swift */; };
		063AFB3A29EC875F003C6550 /* ConditionalPractice.swift in Sources */ = {isa = PBXBuildFile; fileRef = 063AFB3929EC875F003C6550 /* ConditionalPractice.swift */; };
		063AFB3C29ECAEE4003C6550 /* TernaryPractice.swift in Sources */ = {isa = PBXBuildFile; fileRef = 063AFB3B29ECAEE4003C6550 /* TernaryPractice.swift */; };
		063C9DF029B3E3C800AA995D /* Practice_of_SwiftUIApp.swift in Sources */ = {isa = PBXBuildFile; fileRef = 063C9DEF29B3E3C800AA995D /* Practice_of_SwiftUIApp.swift */; };
		063C9DF229B3E3C800AA995D /* ContentView.swift in Sources */ = {isa = PBXBuildFile; fileRef = 063C9DF129B3E3C800AA995D /* ContentView.swift */; };
		063C9DF429B3E3DE00AA995D /* Assets.xcassets in Resources */ = {isa = PBXBuildFile; fileRef = 063C9DF329B3E3DE00AA995D /* Assets.xcassets */; };
		063C9DF729B3E3DF00AA995D /* Preview Assets.xcassets in Resources */ = {isa = PBXBuildFile; fileRef = 063C9DF629B3E3DF00AA995D /* Preview Assets.xcassets */; };
		063C9DFF29B3E7BF00AA995D /* SwiftUICharts in Frameworks */ = {isa = PBXBuildFile; productRef = 063C9DFE29B3E7BF00AA995D /* SwiftUICharts */; };
		0641CFAD29E9A13B0030CAAC /* ButtonsPractice.swift in Sources */ = {isa = PBXBuildFile; fileRef = 0641CFAC29E9A13B0030CAAC /* ButtonsPractice.swift */; };
		0641CFAF29E9B6A30030CAAC /* StatePractice.swift in Sources */ = {isa = PBXBuildFile; fileRef = 0641CFAE29E9B6A30030CAAC /* StatePractice.swift */; };
		0641CFB129EA2F550030CAAC /* ExtractedFunctionsPractice.swift in Sources */ = {isa = PBXBuildFile; fileRef = 0641CFB029EA2F550030CAAC /* ExtractedFunctionsPractice.swift */; };
		0649ED7A29E392C8002A1ABB /* forEachView.swift in Sources */ = {isa = PBXBuildFile; fileRef = 0649ED7929E392C8002A1ABB /* forEachView.swift */; };
		065606E229D8706700969B01 /* PaddingAndSpacerView.swift in Sources */ = {isa = PBXBuildFile; fileRef = 065606E129D8706600969B01 /* PaddingAndSpacerView.swift */; };
		065606E429D9B31400969B01 /* SpacerView.swift in Sources */ = {isa = PBXBuildFile; fileRef = 065606E329D9B31400969B01 /* SpacerView.swift */; };
		065606E729D9F8A300969B01 /* UsersViewModel.swift in Sources */ = {isa = PBXBuildFile; fileRef = 065606E629D9F8A300969B01 /* UsersViewModel.swift */; };
		065606E929D9F8E600969B01 /* UserModel.swift in Sources */ = {isa = PBXBuildFile; fileRef = 065606E829D9F8E600969B01 /* UserModel.swift */; };
		065606EB29DA09B900969B01 /* CombineView.swift in Sources */ = {isa = PBXBuildFile; fileRef = 065606EA29DA09B900969B01 /* CombineView.swift */; };
		065606ED29DA19A100969B01 /* UserView.swift in Sources */ = {isa = PBXBuildFile; fileRef = 065606EC29DA19A100969B01 /* UserView.swift */; };
		065606EF29DB9C4B00969B01 /* InitializerView.swift in Sources */ = {isa = PBXBuildFile; fileRef = 065606EE29DB9C4A00969B01 /* InitializerView.swift */; };
		06961E3329BD1250007F32CF /* TextView.swift in Sources */ = {isa = PBXBuildFile; fileRef = 06961E3229BD124F007F32CF /* TextView.swift */; };
		06961E3529BD2C2A007F32CF /* ShapesView.swift in Sources */ = {isa = PBXBuildFile; fileRef = 06961E3429BD2C2A007F32CF /* ShapesView.swift */; };
		06961E3729BD55E0007F32CF /* ColorsView.swift in Sources */ = {isa = PBXBuildFile; fileRef = 06961E3629BD55E0007F32CF /* ColorsView.swift */; };
		06961E7829C005F0007F32CF /* GradiantView.swift in Sources */ = {isa = PBXBuildFile; fileRef = 06961E7729C005F0007F32CF /* GradiantView.swift */; };
		06ABEFE629D3B6B800844533 /* FrameView.swift in Sources */ = {isa = PBXBuildFile; fileRef = 06ABEFE529D3B6B800844533 /* FrameView.swift */; };
		06ABEFEE29D620AC00844533 /* BackgroundAndOverlayView.swift in Sources */ = {isa = PBXBuildFile; fileRef = 06ABEFED29D620AC00844533 /* BackgroundAndOverlayView.swift */; };
		06ABEFF029D6423E00844533 /* StacksView.swift in Sources */ = {isa = PBXBuildFile; fileRef = 06ABEFEF29D6423E00844533 /* StacksView.swift */; };
		06C8A21629E46BBD008170F2 /* ScrollViewPractice.swift in Sources */ = {isa = PBXBuildFile; fileRef = 06C8A21529E46BBD008170F2 /* ScrollViewPractice.swift */; };
		06C8A21829E48F9B008170F2 /* GridPractice.swift in Sources */ = {isa = PBXBuildFile; fileRef = 06C8A21729E48F9B008170F2 /* GridPractice.swift */; };
		06C8A21A29E4D782008170F2 /* SafeAreaPractice.swift in Sources */ = {isa = PBXBuildFile; fileRef = 06C8A21929E4D782008170F2 /* SafeAreaPractice.swift */; };
		06DE6D7C29CCE9F800610C84 /* IconView.swift in Sources */ = {isa = PBXBuildFile; fileRef = 06DE6D7B29CCE9F800610C84 /* IconView.swift */; };
		06DE6D9129CE338900610C84 /* ImageView.swift in Sources */ = {isa = PBXBuildFile; fileRef = 06DE6D9029CE338900610C84 /* ImageView.swift */; };
		06EF7C0729F43BB2003CE72D /* AnimationPractice.swift in Sources */ = {isa = PBXBuildFile; fileRef = 06EF7C0629F43BB2003CE72D /* AnimationPractice.swift */; };
		06EF7C0929F45DDB003CE72D /* AnimationTimingPractice.swift in Sources */ = {isa = PBXBuildFile; fileRef = 06EF7C0829F45DDB003CE72D /* AnimationTimingPractice.swift */; };
		06EF7C0B29F4AC79003CE72D /* TransitionPractice.swift in Sources */ = {isa = PBXBuildFile; fileRef = 06EF7C0A29F4AC78003CE72D /* TransitionPractice.swift */; };
		06EF7C0D29F57209003CE72D /* SheetsPractice.swift in Sources */ = {isa = PBXBuildFile; fileRef = 06EF7C0C29F57208003CE72D /* SheetsPractice.swift */; };
/* End PBXBuildFile section */

/* Begin PBXFileReference section */
		063AFB3529EB334E003C6550 /* ExtractSubViewsPractice.swift */ = {isa = PBXFileReference; lastKnownFileType = sourcecode.swift; path = ExtractSubViewsPractice.swift; sourceTree = "<group>"; };
		063AFB3729EB5BE9003C6550 /* BindingPractice.swift */ = {isa = PBXFileReference; lastKnownFileType = sourcecode.swift; path = BindingPractice.swift; sourceTree = "<group>"; };
		063AFB3929EC875F003C6550 /* ConditionalPractice.swift */ = {isa = PBXFileReference; lastKnownFileType = sourcecode.swift; path = ConditionalPractice.swift; sourceTree = "<group>"; };
		063AFB3B29ECAEE4003C6550 /* TernaryPractice.swift */ = {isa = PBXFileReference; lastKnownFileType = sourcecode.swift; path = TernaryPractice.swift; sourceTree = "<group>"; };
		063C9DEC29B3E3C800AA995D /* Practice of SwiftUI.app */ = {isa = PBXFileReference; explicitFileType = wrapper.application; includeInIndex = 0; path = "Practice of SwiftUI.app"; sourceTree = BUILT_PRODUCTS_DIR; };
		063C9DEF29B3E3C800AA995D /* Practice_of_SwiftUIApp.swift */ = {isa = PBXFileReference; lastKnownFileType = sourcecode.swift; path = Practice_of_SwiftUIApp.swift; sourceTree = "<group>"; };
		063C9DF129B3E3C800AA995D /* ContentView.swift */ = {isa = PBXFileReference; lastKnownFileType = sourcecode.swift; path = ContentView.swift; sourceTree = "<group>"; };
		063C9DF329B3E3DE00AA995D /* Assets.xcassets */ = {isa = PBXFileReference; lastKnownFileType = folder.assetcatalog; path = Assets.xcassets; sourceTree = "<group>"; };
		063C9DF629B3E3DF00AA995D /* Preview Assets.xcassets */ = {isa = PBXFileReference; lastKnownFileType = folder.assetcatalog; path = "Preview Assets.xcassets"; sourceTree = "<group>"; };
		0641CFAC29E9A13B0030CAAC /* ButtonsPractice.swift */ = {isa = PBXFileReference; lastKnownFileType = sourcecode.swift; path = ButtonsPractice.swift; sourceTree = "<group>"; };
		0641CFAE29E9B6A30030CAAC /* StatePractice.swift */ = {isa = PBXFileReference; lastKnownFileType = sourcecode.swift; path = StatePractice.swift; sourceTree = "<group>"; };
		0641CFB029EA2F550030CAAC /* ExtractedFunctionsPractice.swift */ = {isa = PBXFileReference; lastKnownFileType = sourcecode.swift; path = ExtractedFunctionsPractice.swift; sourceTree = "<group>"; };
		0649ED7929E392C8002A1ABB /* forEachView.swift */ = {isa = PBXFileReference; lastKnownFileType = sourcecode.swift; path = forEachView.swift; sourceTree = "<group>"; };
		065606E129D8706600969B01 /* PaddingAndSpacerView.swift */ = {isa = PBXFileReference; lastKnownFileType = sourcecode.swift; path = PaddingAndSpacerView.swift; sourceTree = "<group>"; };
		065606E329D9B31400969B01 /* SpacerView.swift */ = {isa = PBXFileReference; lastKnownFileType = sourcecode.swift; path = SpacerView.swift; sourceTree = "<group>"; };
		065606E629D9F8A300969B01 /* UsersViewModel.swift */ = {isa = PBXFileReference; lastKnownFileType = sourcecode.swift; path = UsersViewModel.swift; sourceTree = "<group>"; };
		065606E829D9F8E600969B01 /* UserModel.swift */ = {isa = PBXFileReference; lastKnownFileType = sourcecode.swift; path = UserModel.swift; sourceTree = "<group>"; };
		065606EA29DA09B900969B01 /* CombineView.swift */ = {isa = PBXFileReference; lastKnownFileType = sourcecode.swift; path = CombineView.swift; sourceTree = "<group>"; };
		065606EC29DA19A100969B01 /* UserView.swift */ = {isa = PBXFileReference; lastKnownFileType = sourcecode.swift; path = UserView.swift; sourceTree = "<group>"; };
		065606EE29DB9C4A00969B01 /* InitializerView.swift */ = {isa = PBXFileReference; lastKnownFileType = sourcecode.swift; path = InitializerView.swift; sourceTree = "<group>"; };
		06961E3229BD124F007F32CF /* TextView.swift */ = {isa = PBXFileReference; lastKnownFileType = sourcecode.swift; path = TextView.swift; sourceTree = "<group>"; };
		06961E3429BD2C2A007F32CF /* ShapesView.swift */ = {isa = PBXFileReference; lastKnownFileType = sourcecode.swift; path = ShapesView.swift; sourceTree = "<group>"; };
		06961E3629BD55E0007F32CF /* ColorsView.swift */ = {isa = PBXFileReference; lastKnownFileType = sourcecode.swift; path = ColorsView.swift; sourceTree = "<group>"; };
		06961E7729C005F0007F32CF /* GradiantView.swift */ = {isa = PBXFileReference; lastKnownFileType = sourcecode.swift; path = GradiantView.swift; sourceTree = "<group>"; };
		06ABEFE529D3B6B800844533 /* FrameView.swift */ = {isa = PBXFileReference; lastKnownFileType = sourcecode.swift; path = FrameView.swift; sourceTree = "<group>"; };
		06ABEFED29D620AC00844533 /* BackgroundAndOverlayView.swift */ = {isa = PBXFileReference; lastKnownFileType = sourcecode.swift; path = BackgroundAndOverlayView.swift; sourceTree = "<group>"; };
		06ABEFEF29D6423E00844533 /* StacksView.swift */ = {isa = PBXFileReference; lastKnownFileType = sourcecode.swift; path = StacksView.swift; sourceTree = "<group>"; };
		06C8A21529E46BBD008170F2 /* ScrollViewPractice.swift */ = {isa = PBXFileReference; lastKnownFileType = sourcecode.swift; path = ScrollViewPractice.swift; sourceTree = "<group>"; };
		06C8A21729E48F9B008170F2 /* GridPractice.swift */ = {isa = PBXFileReference; lastKnownFileType = sourcecode.swift; path = GridPractice.swift; sourceTree = "<group>"; };
		06C8A21929E4D782008170F2 /* SafeAreaPractice.swift */ = {isa = PBXFileReference; lastKnownFileType = sourcecode.swift; path = SafeAreaPractice.swift; sourceTree = "<group>"; };
		06DE6D7B29CCE9F800610C84 /* IconView.swift */ = {isa = PBXFileReference; lastKnownFileType = sourcecode.swift; path = IconView.swift; sourceTree = "<group>"; };
		06DE6D9029CE338900610C84 /* ImageView.swift */ = {isa = PBXFileReference; lastKnownFileType = sourcecode.swift; path = ImageView.swift; sourceTree = "<group>"; };
		06EF7C0629F43BB2003CE72D /* AnimationPractice.swift */ = {isa = PBXFileReference; lastKnownFileType = sourcecode.swift; path = AnimationPractice.swift; sourceTree = "<group>"; };
		06EF7C0829F45DDB003CE72D /* AnimationTimingPractice.swift */ = {isa = PBXFileReference; lastKnownFileType = sourcecode.swift; path = AnimationTimingPractice.swift; sourceTree = "<group>"; };
		06EF7C0A29F4AC78003CE72D /* TransitionPractice.swift */ = {isa = PBXFileReference; lastKnownFileType = sourcecode.swift; path = TransitionPractice.swift; sourceTree = "<group>"; };
		06EF7C0C29F57208003CE72D /* SheetsPractice.swift */ = {isa = PBXFileReference; lastKnownFileType = sourcecode.swift; path = SheetsPractice.swift; sourceTree = "<group>"; };
/* End PBXFileReference section */

/* Begin PBXFrameworksBuildPhase section */
		063C9DE929B3E3C800AA995D /* Frameworks */ = {
			isa = PBXFrameworksBuildPhase;
			buildActionMask = 2147483647;
			files = (
				063C9DFF29B3E7BF00AA995D /* SwiftUICharts in Frameworks */,
			);
			runOnlyForDeploymentPostprocessing = 0;
		};
/* End PBXFrameworksBuildPhase section */

/* Begin PBXGroup section */
		063C9DE329B3E3C700AA995D = {
			isa = PBXGroup;
			children = (
				063C9DEE29B3E3C800AA995D /* Practice of SwiftUI */,
				063C9DED29B3E3C800AA995D /* Products */,
			);
			sourceTree = "<group>";
		};
		063C9DED29B3E3C800AA995D /* Products */ = {
			isa = PBXGroup;
			children = (
				063C9DEC29B3E3C800AA995D /* Practice of SwiftUI.app */,
			);
			name = Products;
			sourceTree = "<group>";
		};
		063C9DEE29B3E3C800AA995D /* Practice of SwiftUI */ = {
			isa = PBXGroup;
			children = (
				065606E529D9F6FA00969B01 /* MVVM and Combine */,
				063C9DEF29B3E3C800AA995D /* Practice_of_SwiftUIApp.swift */,
				063C9DF129B3E3C800AA995D /* ContentView.swift */,
				063C9DF329B3E3DE00AA995D /* Assets.xcassets */,
				063C9DF529B3E3DF00AA995D /* Preview Content */,
				06961E3229BD124F007F32CF /* TextView.swift */,
				06961E3429BD2C2A007F32CF /* ShapesView.swift */,
				06961E3629BD55E0007F32CF /* ColorsView.swift */,
				06961E7729C005F0007F32CF /* GradiantView.swift */,
				06DE6D7B29CCE9F800610C84 /* IconView.swift */,
				06DE6D9029CE338900610C84 /* ImageView.swift */,
				06ABEFE529D3B6B800844533 /* FrameView.swift */,
				06ABEFED29D620AC00844533 /* BackgroundAndOverlayView.swift */,
				06ABEFEF29D6423E00844533 /* StacksView.swift */,
				065606E129D8706600969B01 /* PaddingAndSpacerView.swift */,
				065606E329D9B31400969B01 /* SpacerView.swift */,
				065606EE29DB9C4A00969B01 /* InitializerView.swift */,
				0649ED7929E392C8002A1ABB /* forEachView.swift */,
				06C8A21529E46BBD008170F2 /* ScrollViewPractice.swift */,
				06C8A21729E48F9B008170F2 /* GridPractice.swift */,
				06C8A21929E4D782008170F2 /* SafeAreaPractice.swift */,
				0641CFAC29E9A13B0030CAAC /* ButtonsPractice.swift */,
				0641CFAE29E9B6A30030CAAC /* StatePractice.swift */,
				0641CFB029EA2F550030CAAC /* ExtractedFunctionsPractice.swift */,
				063AFB3529EB334E003C6550 /* ExtractSubViewsPractice.swift */,
				063AFB3729EB5BE9003C6550 /* BindingPractice.swift */,
				063AFB3929EC875F003C6550 /* ConditionalPractice.swift */,
				063AFB3B29ECAEE4003C6550 /* TernaryPractice.swift */,
				06EF7C0629F43BB2003CE72D /* AnimationPractice.swift */,
				06EF7C0829F45DDB003CE72D /* AnimationTimingPractice.swift */,
				06EF7C0A29F4AC78003CE72D /* TransitionPractice.swift */,
				06EF7C0C29F57208003CE72D /* SheetsPractice.swift */,
			);
			path = "Practice of SwiftUI";
			sourceTree = "<group>";
		};
		063C9DF529B3E3DF00AA995D /* Preview Content */ = {
			isa = PBXGroup;
			children = (
				063C9DF629B3E3DF00AA995D /* Preview Assets.xcassets */,
			);
			path = "Preview Content";
			sourceTree = "<group>";
		};
		065606E529D9F6FA00969B01 /* MVVM and Combine */ = {
			isa = PBXGroup;
			children = (
				065606E629D9F8A300969B01 /* UsersViewModel.swift */,
				065606E829D9F8E600969B01 /* UserModel.swift */,
				065606EA29DA09B900969B01 /* CombineView.swift */,
				065606EC29DA19A100969B01 /* UserView.swift */,
			);
			path = "MVVM and Combine";
			sourceTree = "<group>";
		};
/* End PBXGroup section */

/* Begin PBXNativeTarget section */
		063C9DEB29B3E3C800AA995D /* Practice of SwiftUI */ = {
			isa = PBXNativeTarget;
			buildConfigurationList = 063C9DFA29B3E3DF00AA995D /* Build configuration list for PBXNativeTarget "Practice of SwiftUI" */;
			buildPhases = (
				063C9DE829B3E3C800AA995D /* Sources */,
				063C9DE929B3E3C800AA995D /* Frameworks */,
				063C9DEA29B3E3C800AA995D /* Resources */,
			);
			buildRules = (
			);
			dependencies = (
			);
			name = "Practice of SwiftUI";
			packageProductDependencies = (
				063C9DFE29B3E7BF00AA995D /* SwiftUICharts */,
			);
			productName = "Practice of SwiftUI";
			productReference = 063C9DEC29B3E3C800AA995D /* Practice of SwiftUI.app */;
			productType = "com.apple.product-type.application";
		};
/* End PBXNativeTarget section */

/* Begin PBXProject section */
		063C9DE429B3E3C700AA995D /* Project object */ = {
			isa = PBXProject;
			attributes = {
				BuildIndependentTargetsInParallel = 1;
				LastSwiftUpdateCheck = 1320;
				LastUpgradeCheck = 1320;
				TargetAttributes = {
					063C9DEB29B3E3C800AA995D = {
						CreatedOnToolsVersion = 13.2.1;
					};
				};
			};
			buildConfigurationList = 063C9DE729B3E3C700AA995D /* Build configuration list for PBXProject "Practice of SwiftUI" */;
			compatibilityVersion = "Xcode 13.0";
			developmentRegion = en;
			hasScannedForEncodings = 0;
			knownRegions = (
				en,
				Base,
			);
			mainGroup = 063C9DE329B3E3C700AA995D;
			packageReferences = (
				063C9DFD29B3E7BF00AA995D /* XCRemoteSwiftPackageReference "ChartView" */,
			);
			productRefGroup = 063C9DED29B3E3C800AA995D /* Products */;
			projectDirPath = "";
			projectRoot = "";
			targets = (
				063C9DEB29B3E3C800AA995D /* Practice of SwiftUI */,
			);
		};
/* End PBXProject section */

/* Begin PBXResourcesBuildPhase section */
		063C9DEA29B3E3C800AA995D /* Resources */ = {
			isa = PBXResourcesBuildPhase;
			buildActionMask = 2147483647;
			files = (
				063C9DF729B3E3DF00AA995D /* Preview Assets.xcassets in Resources */,
				063C9DF429B3E3DE00AA995D /* Assets.xcassets in Resources */,
			);
			runOnlyForDeploymentPostprocessing = 0;
		};
/* End PBXResourcesBuildPhase section */

/* Begin PBXSourcesBuildPhase section */
		063C9DE829B3E3C800AA995D /* Sources */ = {
			isa = PBXSourcesBuildPhase;
			buildActionMask = 2147483647;
			files = (
				06DE6D9129CE338900610C84 /* ImageView.swift in Sources */,
				065606E729D9F8A300969B01 /* UsersViewModel.swift in Sources */,
				065606E429D9B31400969B01 /* SpacerView.swift in Sources */,
				06961E3329BD1250007F32CF /* TextView.swift in Sources */,
				065606EB29DA09B900969B01 /* CombineView.swift in Sources */,
				065606EF29DB9C4B00969B01 /* InitializerView.swift in Sources */,
				063AFB3829EB5BE9003C6550 /* BindingPractice.swift in Sources */,
				0649ED7A29E392C8002A1ABB /* forEachView.swift in Sources */,
				06DE6D7C29CCE9F800610C84 /* IconView.swift in Sources */,
				06EF7C0B29F4AC79003CE72D /* TransitionPractice.swift in Sources */,
				06C8A21829E48F9B008170F2 /* GridPractice.swift in Sources */,
				06ABEFE629D3B6B800844533 /* FrameView.swift in Sources */,
				06EF7C0D29F57209003CE72D /* SheetsPractice.swift in Sources */,
				063AFB3C29ECAEE4003C6550 /* TernaryPractice.swift in Sources */,
				06EF7C0929F45DDB003CE72D /* AnimationTimingPractice.swift in Sources */,
				063AFB3A29EC875F003C6550 /* ConditionalPractice.swift in Sources */,
				065606E229D8706700969B01 /* PaddingAndSpacerView.swift in Sources */,
				0641CFAD29E9A13B0030CAAC /* ButtonsPractice.swift in Sources */,
				063C9DF229B3E3C800AA995D /* ContentView.swift in Sources */,
				06C8A21A29E4D782008170F2 /* SafeAreaPractice.swift in Sources */,
				06961E3729BD55E0007F32CF /* ColorsView.swift in Sources */,
				06961E3529BD2C2A007F32CF /* ShapesView.swift in Sources */,
				06C8A21629E46BBD008170F2 /* ScrollViewPractice.swift in Sources */,
				06ABEFF029D6423E00844533 /* StacksView.swift in Sources */,
				0641CFAF29E9B6A30030CAAC /* StatePractice.swift in Sources */,
				06961E7829C005F0007F32CF /* GradiantView.swift in Sources */,
				06EF7C0729F43BB2003CE72D /* AnimationPractice.swift in Sources */,
				065606ED29DA19A100969B01 /* UserView.swift in Sources */,
				063C9DF029B3E3C800AA995D /* Practice_of_SwiftUIApp.swift in Sources */,
				063AFB3629EB334E003C6550 /* ExtractSubViewsPractice.swift in Sources */,
				065606E929D9F8E600969B01 /* UserModel.swift in Sources */,
				06ABEFEE29D620AC00844533 /* BackgroundAndOverlayView.swift in Sources */,
				0641CFB129EA2F550030CAAC /* ExtractedFunctionsPractice.swift in Sources */,
			);
			runOnlyForDeploymentPostprocessing = 0;
		};
/* End PBXSourcesBuildPhase section */

/* Begin XCBuildConfiguration section */
		063C9DF829B3E3DF00AA995D /* Debug */ = {
			isa = XCBuildConfiguration;
			buildSettings = {
				ALWAYS_SEARCH_USER_PATHS = NO;
				CLANG_ANALYZER_NONNULL = YES;
				CLANG_ANALYZER_NUMBER_OBJECT_CONVERSION = YES_AGGRESSIVE;
				CLANG_CXX_LANGUAGE_STANDARD = "gnu++17";
				CLANG_CXX_LIBRARY = "libc++";
				CLANG_ENABLE_MODULES = YES;
				CLANG_ENABLE_OBJC_ARC = YES;
				CLANG_ENABLE_OBJC_WEAK = YES;
				CLANG_WARN_BLOCK_CAPTURE_AUTORELEASING = YES;
				CLANG_WARN_BOOL_CONVERSION = YES;
				CLANG_WARN_COMMA = YES;
				CLANG_WARN_CONSTANT_CONVERSION = YES;
				CLANG_WARN_DEPRECATED_OBJC_IMPLEMENTATIONS = YES;
				CLANG_WARN_DIRECT_OBJC_ISA_USAGE = YES_ERROR;
				CLANG_WARN_DOCUMENTATION_COMMENTS = YES;
				CLANG_WARN_EMPTY_BODY = YES;
				CLANG_WARN_ENUM_CONVERSION = YES;
				CLANG_WARN_INFINITE_RECURSION = YES;
				CLANG_WARN_INT_CONVERSION = YES;
				CLANG_WARN_NON_LITERAL_NULL_CONVERSION = YES;
				CLANG_WARN_OBJC_IMPLICIT_RETAIN_SELF = YES;
				CLANG_WARN_OBJC_LITERAL_CONVERSION = YES;
				CLANG_WARN_OBJC_ROOT_CLASS = YES_ERROR;
				CLANG_WARN_QUOTED_INCLUDE_IN_FRAMEWORK_HEADER = YES;
				CLANG_WARN_RANGE_LOOP_ANALYSIS = YES;
				CLANG_WARN_STRICT_PROTOTYPES = YES;
				CLANG_WARN_SUSPICIOUS_MOVE = YES;
				CLANG_WARN_UNGUARDED_AVAILABILITY = YES_AGGRESSIVE;
				CLANG_WARN_UNREACHABLE_CODE = YES;
				CLANG_WARN__DUPLICATE_METHOD_MATCH = YES;
				COPY_PHASE_STRIP = NO;
				DEBUG_INFORMATION_FORMAT = dwarf;
				ENABLE_STRICT_OBJC_MSGSEND = YES;
				ENABLE_TESTABILITY = YES;
				GCC_C_LANGUAGE_STANDARD = gnu11;
				GCC_DYNAMIC_NO_PIC = NO;
				GCC_NO_COMMON_BLOCKS = YES;
				GCC_OPTIMIZATION_LEVEL = 0;
				GCC_PREPROCESSOR_DEFINITIONS = (
					"DEBUG=1",
					"$(inherited)",
				);
				GCC_WARN_64_TO_32_BIT_CONVERSION = YES;
				GCC_WARN_ABOUT_RETURN_TYPE = YES_ERROR;
				GCC_WARN_UNDECLARED_SELECTOR = YES;
				GCC_WARN_UNINITIALIZED_AUTOS = YES_AGGRESSIVE;
				GCC_WARN_UNUSED_FUNCTION = YES;
				GCC_WARN_UNUSED_VARIABLE = YES;
				IPHONEOS_DEPLOYMENT_TARGET = 15.2;
				MTL_ENABLE_DEBUG_INFO = INCLUDE_SOURCE;
				MTL_FAST_MATH = YES;
				ONLY_ACTIVE_ARCH = YES;
				SDKROOT = iphoneos;
				SWIFT_ACTIVE_COMPILATION_CONDITIONS = DEBUG;
				SWIFT_OPTIMIZATION_LEVEL = "-Onone";
			};
			name = Debug;
		};
		063C9DF929B3E3DF00AA995D /* Release */ = {
			isa = XCBuildConfiguration;
			buildSettings = {
				ALWAYS_SEARCH_USER_PATHS = NO;
				CLANG_ANALYZER_NONNULL = YES;
				CLANG_ANALYZER_NUMBER_OBJECT_CONVERSION = YES_AGGRESSIVE;
				CLANG_CXX_LANGUAGE_STANDARD = "gnu++17";
				CLANG_CXX_LIBRARY = "libc++";
				CLANG_ENABLE_MODULES = YES;
				CLANG_ENABLE_OBJC_ARC = YES;
				CLANG_ENABLE_OBJC_WEAK = YES;
				CLANG_WARN_BLOCK_CAPTURE_AUTORELEASING = YES;
				CLANG_WARN_BOOL_CONVERSION = YES;
				CLANG_WARN_COMMA = YES;
				CLANG_WARN_CONSTANT_CONVERSION = YES;
				CLANG_WARN_DEPRECATED_OBJC_IMPLEMENTATIONS = YES;
				CLANG_WARN_DIRECT_OBJC_ISA_USAGE = YES_ERROR;
				CLANG_WARN_DOCUMENTATION_COMMENTS = YES;
				CLANG_WARN_EMPTY_BODY = YES;
				CLANG_WARN_ENUM_CONVERSION = YES;
				CLANG_WARN_INFINITE_RECURSION = YES;
				CLANG_WARN_INT_CONVERSION = YES;
				CLANG_WARN_NON_LITERAL_NULL_CONVERSION = YES;
				CLANG_WARN_OBJC_IMPLICIT_RETAIN_SELF = YES;
				CLANG_WARN_OBJC_LITERAL_CONVERSION = YES;
				CLANG_WARN_OBJC_ROOT_CLASS = YES_ERROR;
				CLANG_WARN_QUOTED_INCLUDE_IN_FRAMEWORK_HEADER = YES;
				CLANG_WARN_RANGE_LOOP_ANALYSIS = YES;
				CLANG_WARN_STRICT_PROTOTYPES = YES;
				CLANG_WARN_SUSPICIOUS_MOVE = YES;
				CLANG_WARN_UNGUARDED_AVAILABILITY = YES_AGGRESSIVE;
				CLANG_WARN_UNREACHABLE_CODE = YES;
				CLANG_WARN__DUPLICATE_METHOD_MATCH = YES;
				COPY_PHASE_STRIP = NO;
				DEBUG_INFORMATION_FORMAT = "dwarf-with-dsym";
				ENABLE_NS_ASSERTIONS = NO;
				ENABLE_STRICT_OBJC_MSGSEND = YES;
				GCC_C_LANGUAGE_STANDARD = gnu11;
				GCC_NO_COMMON_BLOCKS = YES;
				GCC_WARN_64_TO_32_BIT_CONVERSION = YES;
				GCC_WARN_ABOUT_RETURN_TYPE = YES_ERROR;
				GCC_WARN_UNDECLARED_SELECTOR = YES;
				GCC_WARN_UNINITIALIZED_AUTOS = YES_AGGRESSIVE;
				GCC_WARN_UNUSED_FUNCTION = YES;
				GCC_WARN_UNUSED_VARIABLE = YES;
				IPHONEOS_DEPLOYMENT_TARGET = 15.2;
				MTL_ENABLE_DEBUG_INFO = NO;
				MTL_FAST_MATH = YES;
				SDKROOT = iphoneos;
				SWIFT_COMPILATION_MODE = wholemodule;
				SWIFT_OPTIMIZATION_LEVEL = "-O";
				VALIDATE_PRODUCT = YES;
			};
			name = Release;
		};
		063C9DFB29B3E3DF00AA995D /* Debug */ = {
			isa = XCBuildConfiguration;
			buildSettings = {
				ASSETCATALOG_COMPILER_APPICON_NAME = AppIcon;
				ASSETCATALOG_COMPILER_GLOBAL_ACCENT_COLOR_NAME = AccentColor;
				CODE_SIGN_STYLE = Automatic;
				CURRENT_PROJECT_VERSION = 1;
				DEVELOPMENT_ASSET_PATHS = "\"Practice of SwiftUI/Preview Content\"";
				DEVELOPMENT_TEAM = 9FGVTTM39Q;
				ENABLE_PREVIEWS = YES;
				GENERATE_INFOPLIST_FILE = YES;
				INFOPLIST_KEY_UIApplicationSceneManifest_Generation = YES;
				INFOPLIST_KEY_UIApplicationSupportsIndirectInputEvents = YES;
				INFOPLIST_KEY_UILaunchScreen_Generation = YES;
				INFOPLIST_KEY_UISupportedInterfaceOrientations_iPad = "UIInterfaceOrientationPortrait UIInterfaceOrientationPortraitUpsideDown UIInterfaceOrientationLandscapeLeft UIInterfaceOrientationLandscapeRight";
				INFOPLIST_KEY_UISupportedInterfaceOrientations_iPhone = "UIInterfaceOrientationPortrait UIInterfaceOrientationLandscapeLeft UIInterfaceOrientationLandscapeRight";
				LD_RUNPATH_SEARCH_PATHS = (
					"$(inherited)",
					"@executable_path/Frameworks",
				);
				MARKETING_VERSION = 1.0;
				PRODUCT_BUNDLE_IDENTIFIER = "-234.Practice-of-SwiftUI";
				PRODUCT_NAME = "$(TARGET_NAME)";
				SWIFT_EMIT_LOC_STRINGS = YES;
				SWIFT_VERSION = 5.0;
				TARGETED_DEVICE_FAMILY = "1,2";
			};
			name = Debug;
		};
		063C9DFC29B3E3DF00AA995D /* Release */ = {
			isa = XCBuildConfiguration;
			buildSettings = {
				ASSETCATALOG_COMPILER_APPICON_NAME = AppIcon;
				ASSETCATALOG_COMPILER_GLOBAL_ACCENT_COLOR_NAME = AccentColor;
				CODE_SIGN_STYLE = Automatic;
				CURRENT_PROJECT_VERSION = 1;
				DEVELOPMENT_ASSET_PATHS = "\"Practice of SwiftUI/Preview Content\"";
				DEVELOPMENT_TEAM = 9FGVTTM39Q;
				ENABLE_PREVIEWS = YES;
				GENERATE_INFOPLIST_FILE = YES;
				INFOPLIST_KEY_UIApplicationSceneManifest_Generation = YES;
				INFOPLIST_KEY_UIApplicationSupportsIndirectInputEvents = YES;
				INFOPLIST_KEY_UILaunchScreen_Generation = YES;
				INFOPLIST_KEY_UISupportedInterfaceOrientations_iPad = "UIInterfaceOrientationPortrait UIInterfaceOrientationPortraitUpsideDown UIInterfaceOrientationLandscapeLeft UIInterfaceOrientationLandscapeRight";
				INFOPLIST_KEY_UISupportedInterfaceOrientations_iPhone = "UIInterfaceOrientationPortrait UIInterfaceOrientationLandscapeLeft UIInterfaceOrientationLandscapeRight";
				LD_RUNPATH_SEARCH_PATHS = (
					"$(inherited)",
					"@executable_path/Frameworks",
				);
				MARKETING_VERSION = 1.0;
				PRODUCT_BUNDLE_IDENTIFIER = "-234.Practice-of-SwiftUI";
				PRODUCT_NAME = "$(TARGET_NAME)";
				SWIFT_EMIT_LOC_STRINGS = YES;
				SWIFT_VERSION = 5.0;
				TARGETED_DEVICE_FAMILY = "1,2";
			};
			name = Release;
		};
/* End XCBuildConfiguration section */

/* Begin XCConfigurationList section */
		063C9DE729B3E3C700AA995D /* Build configuration list for PBXProject "Practice of SwiftUI" */ = {
			isa = XCConfigurationList;
			buildConfigurations = (
				063C9DF829B3E3DF00AA995D /* Debug */,
				063C9DF929B3E3DF00AA995D /* Release */,
			);
			defaultConfigurationIsVisible = 0;
			defaultConfigurationName = Release;
		};
		063C9DFA29B3E3DF00AA995D /* Build configuration list for PBXNativeTarget "Practice of SwiftUI" */ = {
			isa = XCConfigurationList;
			buildConfigurations = (
				063C9DFB29B3E3DF00AA995D /* Debug */,
				063C9DFC29B3E3DF00AA995D /* Release */,
			);
			defaultConfigurationIsVisible = 0;
			defaultConfigurationName = Release;
		};
/* End XCConfigurationList section */

/* Begin XCRemoteSwiftPackageReference section */
		063C9DFD29B3E7BF00AA995D /* XCRemoteSwiftPackageReference "ChartView" */ = {
			isa = XCRemoteSwiftPackageReference;
			repositoryURL = "https://github.com/AppPear/ChartView";
			requirement = {
				kind = upToNextMajorVersion;
				minimumVersion = 1.0.0;
			};
		};
/* End XCRemoteSwiftPackageReference section */

/* Begin XCSwiftPackageProductDependency section */
		063C9DFE29B3E7BF00AA995D /* SwiftUICharts */ = {
			isa = XCSwiftPackageProductDependency;
			package = 063C9DFD29B3E7BF00AA995D /* XCRemoteSwiftPackageReference "ChartView" */;
			productName = SwiftUICharts;
		};
/* End XCSwiftPackageProductDependency section */
	};
	rootObject = 063C9DE429B3E3C700AA995D /* Project object */;
}
